
Microsoft Visual Studio Solution File, Format Version 12.00
# Visual Studio Version 16
VisualStudioVersion = 16.0.29409.12
MinimumVisualStudioVersion = 10.0.40219.1
Project("{9A19103F-16F7-4668-BE54-9A1E7A4F7556}") = "MBCEventDonation", "MBCEventDonation.csproj", "{8A5806ED-649E-468C-93FB-73383194114F}"
EndProject
Global
	GlobalSection(SolutionConfigurationPlatforms) = preSolution
		Debug|Any CPU = Debug|Any CPU
		Release|Any CPU = Release|Any CPU
	EndGlobalSection
	GlobalSection(ProjectConfigurationPlatforms) = postSolution
		{8A5806ED-649E-468C-93FB-73383194114F}.Debug|Any CPU.ActiveCfg = Debug|Any CPU
		{8A5806ED-649E-468C-93FB-73383194114F}.Debug|Any CPU.Build.0 = Debug|Any CPU
		{8A5806ED-649E-468C-93FB-73383194114F}.Release|Any CPU.ActiveCfg = Release|Any CPU
		{8A5806ED-649E-468C-93FB-73383194114F}.Release|Any CPU.Build.0 = Release|Any CPU
	EndGlobalSection
	GlobalSection(SolutionProperties) = preSolution
		HideSolutionNode = FALSE
	EndGlobalSection
	GlobalSection(ExtensibilityGlobals) = postSolution
		SolutionGuid = {3B0F9739-6A2B-4E5C-8160-76052023C257}
	EndGlobalSection
EndGlobal
